{
  "object": {
    "pins": [
      {
        "package": "WebRTC",
        "repositoryURL": "https://github.com/barisgorgun/SPMWebRTC.git",
        "state": {
          "branch": "packageFile",
          "revision": "82cb19f58409f383bf45da4f75d5e5c26b013372",
          "version": null
        }
      }
    ]
  },
  "version": 1
}
