{
  "object": {
    "pins": [
      {
        "package": "WebRTC",
        "repositoryURL": "https://github.com/barisgorgun/kandy-ios-webrtc.git",
        "state": {
          "branch": "SPMDemo",
          "revision": "ff8eb65c39653c870d5202801059bf7ff9399b94",
          "version": null
        }
      }
    ]
  },
  "version": 1
}
